
Microsoft Visual Studio Solution File, Format Version 12.00
# Visual Studio Version 17
VisualStudioVersion = 17.14.36717.8
MinimumVisualStudioVersion = 10.0.40219.1
Project("{2150E333-8FDC-42A3-9474-1A3956D46DE8}") = "_PJSE", "_PJSE", "{BC0A1362-188C-CE9D-56C9-7DB4B22D5E34}"
EndProject
Project("{2150E333-8FDC-42A3-9474-1A3956D46DE8}") = "pjBodyMeshTool", "pjBodyMeshTool", "{2F74C2ED-C4D2-8592-FA00-EF8DD0A31FC7}"
EndProject
Project("{2150E333-8FDC-42A3-9474-1A3956D46DE8}") = "pjHoodTool", "pjHoodTool", "{10125FBF-B1E3-5508-0453-8B8438ECBFC8}"
EndProject
Project("{2150E333-8FDC-42A3-9474-1A3956D46DE8}") = "pjOBJDTool", "pjOBJDTool", "{D62B361B-9A07-9E9B-CDCD-03B1A3706AD8}"
EndProject
Project("{2150E333-8FDC-42A3-9474-1A3956D46DE8}") = "pjObjKeyTool", "pjObjKeyTool", "{B481F596-DE6E-A611-CA7E-608C3046060D}"
EndProject
Project("{2150E333-8FDC-42A3-9474-1A3956D46DE8}") = "pjse Coder", "pjse Coder", "{521B4DE7-DE7A-7B64-F649-23517AB5EB08}"
EndProject
Project("{2150E333-8FDC-42A3-9474-1A3956D46DE8}") = "__NonCore", "__NonCore", "{E1892030-79A1-302F-2131-4E7F86D8A2D3}"
EndProject
Project("{2150E333-8FDC-42A3-9474-1A3956D46DE8}") = "WOSimPe - Recolor", "WOSimPe - Recolor", "{0F0D1990-397C-399D-0664-FC5EB1CCA61E}"
EndProject
Project("{2150E333-8FDC-42A3-9474-1A3956D46DE8}") = "__Solutions", "__Solutions", "{6DDF0308-AD41-8A62-E1C1-A25BD1B34DA2}"
EndProject
Project("{FAE04EC0-301F-11D3-BF4B-00C04F79EFBC}") = "Plugin.CareerEditor", "Bidou Career Editor\Plugin.CareerEditor.csproj", "{25A8BF3E-41CF-429D-BCD3-9D8CA44D3448}"
EndProject
Project("{FAE04EC0-301F-11D3-BF4B-00C04F79EFBC}") = "Plugin.BHAV", "SimPe BHAV\Plugin.BHAV.csproj", "{6AA664E9-B45F-4D61-9B9F-E68341C16473}"
EndProject
Project("{FAE04EC0-301F-11D3-BF4B-00C04F79EFBC}") = "Plugin.Copyright", "SimPe Copyright Plugin\Plugin.Copyright.csproj", "{06D06A6A-C49E-44B8-8EE4-C0F107D3A50D}"
EndProject
Project("{FAE04EC0-301F-11D3-BF4B-00C04F79EFBC}") = "simpeGameTipplugin", "SimPe GameTipPlugin\simpeGameTipplugin.csproj", "{E86E8EF6-EF83-4CD4-B2A7-20A08CD835A0}"
EndProject
Project("{FAE04EC0-301F-11D3-BF4B-00C04F79EFBC}") = "Plugin.GMDCExporter", "SimPe GMDC Exporter\Plugin.GMDCExporter.csproj", "{F7DD4A1A-8C32-4247-9AE9-AE4372455A24}"
EndProject
Project("{FAE04EC0-301F-11D3-BF4B-00C04F79EFBC}") = "language Extractor", "SimPe LangExtracter\language Extractor.csproj", "{3D13FA23-1B13-4FA8-8654-D5E7C1BAD823}"
EndProject
Project("{FAE04EC0-301F-11D3-BF4B-00C04F79EFBC}") = "simpeMoreplugin", "SimPe More Plugins\simpeMoreplugin.csproj", "{2AE83F37-E52A-4ADC-82E9-243465953FFD}"
EndProject
Project("{FAE04EC0-301F-11D3-BF4B-00C04F79EFBC}") = "Plugin.ToolboxScenegraph", "SimPe Toolbox Scenegraph\Plugin.ToolboxScenegraph.csproj", "{4A0695E9-8C32-4F70-B7C7-B7F2EF7E38B6}"
EndProject
Project("{FAE04EC0-301F-11D3-BF4B-00C04F79EFBC}") = "Wizards of SimPe", "Wizards of SimPe\Wizards of SimPe.csproj", "{9C10B224-7ABC-46D1-9ADC-58A817D6AF59}"
EndProject
Project("{FAE04EC0-301F-11D3-BF4B-00C04F79EFBC}") = "WOSimPE - Interfaces", "WOSimPE - Interfaces\WOSimPE - Interfaces.csproj", "{833C3B98-5A2D-476B-8B4B-C9548C1C99B6}"
EndProject
Project("{FAE04EC0-301F-11D3-BF4B-00C04F79EFBC}") = "SimPe pjBodyMeshTool", "_PJSE\pjBodyMeshTool\SimPe pjBodyMeshTool.csproj", "{0E0A4A2C-1BAE-4659-9511-5C089FA4E154}"
EndProject
Project("{FAE04EC0-301F-11D3-BF4B-00C04F79EFBC}") = "SimPe pjHoodTool", "_PJSE\pjHoodTool\SimPe pjHoodTool.csproj", "{7BEDA101-8294-40CF-838C-40523DBBCDA7}"
EndProject
Project("{FAE04EC0-301F-11D3-BF4B-00C04F79EFBC}") = "SimPe pjOBJDTool", "_PJSE\pjOBJDTool\SimPe pjOBJDTool.csproj", "{62E5BE50-2A34-43D0-9ABA-EE3F751C1627}"
EndProject
Project("{FAE04EC0-301F-11D3-BF4B-00C04F79EFBC}") = "SimPe pjObjKeyTool", "_PJSE\pjObjKeyTool\SimPe pjObjKeyTool.csproj", "{DA114369-0A54-42A9-A3B0-F48FC5EA4F7D}"
EndProject
Project("{FAE04EC0-301F-11D3-BF4B-00C04F79EFBC}") = "SimPe pjse coder", "_PJSE\pjse Coder\SimPe pjse coder.csproj", "{4B6B73DA-1606-42F2-8774-72428062783A}"
EndProject
Project("{FAE04EC0-301F-11D3-BF4B-00C04F79EFBC}") = "Plugin WOSimPe - Recolor", "__NonCore\WOSimPe - Recolor\Plugin WOSimPe - Recolor.csproj", "{05362C54-8D40-46C8-9401-7C40A6647DE6}"
EndProject
Project("{FAE04EC0-301F-11D3-BF4B-00C04F79EFBC}") = "WOSimPe - Wardrobecleaner", "__NonCore\WOSimPe - Wardrobecleaner\WOSimPe - Wardrobecleaner.csproj", "{55A67A5D-43E8-4290-B52F-230233B1439D}"
EndProject
Project("{FAE04EC0-301F-11D3-BF4B-00C04F79EFBC}") = "Build", "__Solutions\Build\Build.csproj", "{BA6E610A-3015-4536-99CD-D73892E9BD1E}"
EndProject
Project("{FAE04EC0-301F-11D3-BF4B-00C04F79EFBC}") = "Plugin.3D", "SimPe3D\Plugin.3D.csproj", "{44911ACC-87B8-4FED-865C-1950F703C3D1}"
EndProject
Project("{FAE04EC0-301F-11D3-BF4B-00C04F79EFBC}") = "SimPE.Interfaces", "SimPE.Interfaces\SimPE.Interfaces.csproj", "{8BA84B01-58E5-4125-AA36-4A9DBD0C25C4}"
EndProject
Project("{FAE04EC0-301F-11D3-BF4B-00C04F79EFBC}") = "SimPE.Packages", "SimPE.Packages\SimPE.Packages.csproj", "{25B67DC9-167C-4D53-A51F-EC23135A30E9}"
EndProject
Project("{FAE04EC0-301F-11D3-BF4B-00C04F79EFBC}") = "SimPE.Helper", "SimPE.Helper\SimPE.Helper.csproj", "{7D2040CB-CD32-4C78-944E-472C050F8163}"
EndProject
Project("{FAE04EC0-301F-11D3-BF4B-00C04F79EFBC}") = "SimPE.WorkSpaceHelper", "SimPE.WorkSpaceHelper\SimPE.WorkSpaceHelper.csproj", "{F6DE1680-4D13-4E34-9EB7-72AA122CE344}"
EndProject
Project("{FAE04EC0-301F-11D3-BF4B-00C04F79EFBC}") = "SimPE.Clst", "SimPE.Clst\SimPE.Clst.csproj", "{445BE3FF-638C-4B6D-98BF-C7D70E95A7BE}"
EndProject
Project("{FAE04EC0-301F-11D3-BF4B-00C04F79EFBC}") = "SimPE.Geometry", "SimPE.Geometry\SimPE.Geometry.csproj", "{D4A2C67F-0DE2-48A2-85FF-7513D5F8E86D}"
EndProject
Project("{FAE04EC0-301F-11D3-BF4B-00C04F79EFBC}") = "SimPE.GraphControl", "SimPE.GraphControl\SimPE.GraphControl.csproj", "{62DA1EBC-F59D-4877-A23F-11F5FC2356DA}"
EndProject
Project("{FAE04EC0-301F-11D3-BF4B-00C04F79EFBC}") = "SimPE.Splash", "SimPE.Splash\SimPE.Splash.csproj", "{5D769D5E-691B-4775-851E-BB35CE3ABFE3}"
EndProject
Project("{FAE04EC0-301F-11D3-BF4B-00C04F79EFBC}") = "SimPE.Cache", "SimPE.Cache\SimPE.Cache.csproj", "{E0936D85-CB24-4564-A773-E0BF85510422}"
EndProject
Project("{FAE04EC0-301F-11D3-BF4B-00C04F79EFBC}") = "SimPE.Main", "SimPE.Main\SimPE.Main.csproj", "{05748132-A906-4E3E-B8AB-2758C0564981}"
EndProject
Project("{FAE04EC0-301F-11D3-BF4B-00C04F79EFBC}") = "SimPE.ResourceControls", "SimPE.ResourceControls\SimPE.ResourceControls.csproj", "{81327194-E4CB-4A8C-A0E4-87EB3BB5FCC7}"
EndProject
Project("{FAE04EC0-301F-11D3-BF4B-00C04F79EFBC}") = "SimPE.NameProvider", "SimPE.NameProvider\SimPE.NameProvider.csproj", "{2C2B1881-0A90-47DD-8B85-8BF947D8B0C3}"
EndProject
Project("{FAE04EC0-301F-11D3-BF4B-00C04F79EFBC}") = "SimPE.Sims", "SimPE.Sims\SimPE.Sims.csproj", "{39F0B8F6-69DE-4C0F-A03B-D2067418CB4A}"
EndProject
Project("{FAE04EC0-301F-11D3-BF4B-00C04F79EFBC}") = "SimPE.3IDR", "SimPE.3IDR\SimPE.3IDR.csproj", "{9638EE76-2646-4527-8554-B3DF275E893C}"
EndProject
Project("{FAE04EC0-301F-11D3-BF4B-00C04F79EFBC}") = "SimPE.Filehandlers", "SimPE.Filehandlers\SimPE.Filehandlers.csproj", "{85099415-3448-4D91-979C-44690154FCD1}"
EndProject
Project("{FAE04EC0-301F-11D3-BF4B-00C04F79EFBC}") = "SimPE.RCOL", "SimPE.RCOL\SimPE.RCOL.csproj", "{849DC662-9191-473F-BC61-8D9AD9068FFA}"
EndProject
Project("{FAE04EC0-301F-11D3-BF4B-00C04F79EFBC}") = "SimPE.Commandline", "SimPE.Commandline\SimPE.Commandline.csproj", "{BD9D9744-C621-42EE-8496-5F0642C913CD}"
EndProject
Project("{FAE04EC0-301F-11D3-BF4B-00C04F79EFBC}") = "SimPE.Scenegraph", "SimPE.Scenegraph\SimPE.Scenegraph.csproj", "{F4145736-97ED-417A-81EA-5635769ABE35}"
EndProject
Project("{FAE04EC0-301F-11D3-BF4B-00C04F79EFBC}") = "SimPE.GMDCExporterBase", "SimPE.GMDCExporterbase\SimPE.GMDCExporterBase.csproj", "{2FE03D2C-FC55-4E27-A460-6B7F574F26E4}"
EndProject
Project("{FAE04EC0-301F-11D3-BF4B-00C04F79EFBC}") = "SimPE.ToolboxScanner", "SimPE.ToolboxScanner\SimPE.ToolboxScanner.csproj", "{B842CE3C-A049-46FA-A5CB-C0A4ADB903D7}"
EndProject
Project("{FAE04EC0-301F-11D3-BF4B-00C04F79EFBC}") = "SimPE.HGBH", "SimPE.HGBH\SimPE.HGBH.csproj", "{F060D4F2-BE7C-4390-A598-63A6030A2CB8}"
EndProject
Project("{FAE04EC0-301F-11D3-BF4B-00C04F79EFBC}") = "Plugin.Dockbox", "SimPE.PluginDockBox\Plugin.Dockbox.csproj", "{5E418D56-585D-4134-B971-04C8A860CCD8}"
EndProject
Project("{FAE04EC0-301F-11D3-BF4B-00C04F79EFBC}") = "SimPE.Wants", "SimPE.Wants\SimPE.Wants.csproj", "{15A7A944-6FA5-4184-A243-2205A594B509}"
EndProject
Project("{FAE04EC0-301F-11D3-BF4B-00C04F79EFBC}") = "Plugin.Downloads", "SimPE.Downloads\Plugin.Downloads.csproj", "{A829D42F-2F89-4490-96EB-0698E309B9B5}"
EndProject
Project("{FAE04EC0-301F-11D3-BF4B-00C04F79EFBC}") = "SimPE.ToolBoxWorkshops", "SimPE.ToolBoxWorkshops\SimPE.ToolBoxWorkshops.csproj", "{3F07C566-8460-4C68-B26F-BDFBCC0496B8}"
EndProject
Project("{FAE04EC0-301F-11D3-BF4B-00C04F79EFBC}") = "SimPE.Wizardbase", "SimPE.Wizardbase\SimPE.Wizardbase.csproj", "{5EE2665C-BFE2-45C0-9AB7-93FF6FCDB63A}"
EndProject
Project("{FAE04EC0-301F-11D3-BF4B-00C04F79EFBC}") = "SimPE.Toolbox", "SimPE.Toolbox\SimPE.Toolbox.csproj", "{B5A2448D-F5F4-40EC-9641-05642134C357}"
EndProject
Project("{FAE04EC0-301F-11D3-BF4B-00C04F79EFBC}") = "SimPE.PluginNGBHScanner", "SimPE.PluginNGBHScanner\SimPE.PluginNGBHScanner.csproj", "{B399124D-23A6-46F6-A082-64A25D98E735}"
EndProject
Global
	GlobalSection(SolutionConfigurationPlatforms) = preSolution
		Debug|Any CPU = Debug|Any CPU
		Debug|x64 = Debug|x64
		Debug|x86 = Debug|x86
		Release|Any CPU = Release|Any CPU
		Release|x64 = Release|x64
		Release|x86 = Release|x86
	EndGlobalSection
	GlobalSection(ProjectConfigurationPlatforms) = postSolution
		{25A8BF3E-41CF-429D-BCD3-9D8CA44D3448}.Debug|Any CPU.ActiveCfg = Debug|Any CPU
		{25A8BF3E-41CF-429D-BCD3-9D8CA44D3448}.Debug|Any CPU.Build.0 = Debug|Any CPU
		{25A8BF3E-41CF-429D-BCD3-9D8CA44D3448}.Debug|x64.ActiveCfg = Debug|Any CPU
		{25A8BF3E-41CF-429D-BCD3-9D8CA44D3448}.Debug|x64.Build.0 = Debug|Any CPU
		{25A8BF3E-41CF-429D-BCD3-9D8CA44D3448}.Debug|x86.ActiveCfg = Debug|x86
		{25A8BF3E-41CF-429D-BCD3-9D8CA44D3448}.Debug|x86.Build.0 = Debug|x86
		{25A8BF3E-41CF-429D-BCD3-9D8CA44D3448}.Release|Any CPU.ActiveCfg = Release|Any CPU
		{25A8BF3E-41CF-429D-BCD3-9D8CA44D3448}.Release|Any CPU.Build.0 = Release|Any CPU
		{25A8BF3E-41CF-429D-BCD3-9D8CA44D3448}.Release|x64.ActiveCfg = Release|Any CPU
		{25A8BF3E-41CF-429D-BCD3-9D8CA44D3448}.Release|x64.Build.0 = Release|Any CPU
		{25A8BF3E-41CF-429D-BCD3-9D8CA44D3448}.Release|x86.ActiveCfg = Release|x86
		{25A8BF3E-41CF-429D-BCD3-9D8CA44D3448}.Release|x86.Build.0 = Release|x86
		{6AA664E9-B45F-4D61-9B9F-E68341C16473}.Debug|Any CPU.ActiveCfg = Debug|Any CPU
		{6AA664E9-B45F-4D61-9B9F-E68341C16473}.Debug|Any CPU.Build.0 = Debug|Any CPU
		{6AA664E9-B45F-4D61-9B9F-E68341C16473}.Debug|x64.ActiveCfg = Debug|Any CPU
		{6AA664E9-B45F-4D61-9B9F-E68341C16473}.Debug|x64.Build.0 = Debug|Any CPU
		{6AA664E9-B45F-4D61-9B9F-E68341C16473}.Debug|x86.ActiveCfg = Debug|x86
		{6AA664E9-B45F-4D61-9B9F-E68341C16473}.Debug|x86.Build.0 = Debug|x86
		{6AA664E9-B45F-4D61-9B9F-E68341C16473}.Release|Any CPU.ActiveCfg = Release|Any CPU
		{6AA664E9-B45F-4D61-9B9F-E68341C16473}.Release|Any CPU.Build.0 = Release|Any CPU
		{6AA664E9-B45F-4D61-9B9F-E68341C16473}.Release|x64.ActiveCfg = Release|Any CPU
		{6AA664E9-B45F-4D61-9B9F-E68341C16473}.Release|x64.Build.0 = Release|Any CPU
		{6AA664E9-B45F-4D61-9B9F-E68341C16473}.Release|x86.ActiveCfg = Release|x86
		{6AA664E9-B45F-4D61-9B9F-E68341C16473}.Release|x86.Build.0 = Release|x86
		{06D06A6A-C49E-44B8-8EE4-C0F107D3A50D}.Debug|Any CPU.ActiveCfg = Debug|Any CPU
		{06D06A6A-C49E-44B8-8EE4-C0F107D3A50D}.Debug|Any CPU.Build.0 = Debug|Any CPU
		{06D06A6A-C49E-44B8-8EE4-C0F107D3A50D}.Debug|x64.ActiveCfg = Debug|Any CPU
		{06D06A6A-C49E-44B8-8EE4-C0F107D3A50D}.Debug|x64.Build.0 = Debug|Any CPU
		{06D06A6A-C49E-44B8-8EE4-C0F107D3A50D}.Debug|x86.ActiveCfg = Debug|x86
		{06D06A6A-C49E-44B8-8EE4-C0F107D3A50D}.Debug|x86.Build.0 = Debug|x86
		{06D06A6A-C49E-44B8-8EE4-C0F107D3A50D}.Release|Any CPU.ActiveCfg = Release|Any CPU
		{06D06A6A-C49E-44B8-8EE4-C0F107D3A50D}.Release|Any CPU.Build.0 = Release|Any CPU
		{06D06A6A-C49E-44B8-8EE4-C0F107D3A50D}.Release|x64.ActiveCfg = Release|Any CPU
		{06D06A6A-C49E-44B8-8EE4-C0F107D3A50D}.Release|x64.Build.0 = Release|Any CPU
		{06D06A6A-C49E-44B8-8EE4-C0F107D3A50D}.Release|x86.ActiveCfg = Release|x86
		{06D06A6A-C49E-44B8-8EE4-C0F107D3A50D}.Release|x86.Build.0 = Release|x86
		{E86E8EF6-EF83-4CD4-B2A7-20A08CD835A0}.Debug|Any CPU.ActiveCfg = Debug|Any CPU
		{E86E8EF6-EF83-4CD4-B2A7-20A08CD835A0}.Debug|Any CPU.Build.0 = Debug|Any CPU
		{E86E8EF6-EF83-4CD4-B2A7-20A08CD835A0}.Debug|x64.ActiveCfg = Debug|Any CPU
		{E86E8EF6-EF83-4CD4-B2A7-20A08CD835A0}.Debug|x64.Build.0 = Debug|Any CPU
		{E86E8EF6-EF83-4CD4-B2A7-20A08CD835A0}.Debug|x86.ActiveCfg = Debug|x86
		{E86E8EF6-EF83-4CD4-B2A7-20A08CD835A0}.Debug|x86.Build.0 = Debug|x86
		{E86E8EF6-EF83-4CD4-B2A7-20A08CD835A0}.Release|Any CPU.ActiveCfg = Release|Any CPU
		{E86E8EF6-EF83-4CD4-B2A7-20A08CD835A0}.Release|Any CPU.Build.0 = Release|Any CPU
		{E86E8EF6-EF83-4CD4-B2A7-20A08CD835A0}.Release|x64.ActiveCfg = Release|Any CPU
		{E86E8EF6-EF83-4CD4-B2A7-20A08CD835A0}.Release|x64.Build.0 = Release|Any CPU
		{E86E8EF6-EF83-4CD4-B2A7-20A08CD835A0}.Release|x86.ActiveCfg = Release|x86
		{E86E8EF6-EF83-4CD4-B2A7-20A08CD835A0}.Release|x86.Build.0 = Release|x86
		{F7DD4A1A-8C32-4247-9AE9-AE4372455A24}.Debug|Any CPU.ActiveCfg = Debug|Any CPU
		{F7DD4A1A-8C32-4247-9AE9-AE4372455A24}.Debug|Any CPU.Build.0 = Debug|Any CPU
		{F7DD4A1A-8C32-4247-9AE9-AE4372455A24}.Debug|x64.ActiveCfg = Debug|Any CPU
		{F7DD4A1A-8C32-4247-9AE9-AE4372455A24}.Debug|x64.Build.0 = Debug|Any CPU
		{F7DD4A1A-8C32-4247-9AE9-AE4372455A24}.Debug|x86.ActiveCfg = Debug|x86
		{F7DD4A1A-8C32-4247-9AE9-AE4372455A24}.Debug|x86.Build.0 = Debug|x86
		{F7DD4A1A-8C32-4247-9AE9-AE4372455A24}.Release|Any CPU.ActiveCfg = Release|Any CPU
		{F7DD4A1A-8C32-4247-9AE9-AE4372455A24}.Release|Any CPU.Build.0 = Release|Any CPU
		{F7DD4A1A-8C32-4247-9AE9-AE4372455A24}.Release|x64.ActiveCfg = Release|Any CPU
		{F7DD4A1A-8C32-4247-9AE9-AE4372455A24}.Release|x64.Build.0 = Release|Any CPU
		{F7DD4A1A-8C32-4247-9AE9-AE4372455A24}.Release|x86.ActiveCfg = Release|x86
		{F7DD4A1A-8C32-4247-9AE9-AE4372455A24}.Release|x86.Build.0 = Release|x86
		{3D13FA23-1B13-4FA8-8654-D5E7C1BAD823}.Debug|Any CPU.ActiveCfg = Debug|Any CPU
		{3D13FA23-1B13-4FA8-8654-D5E7C1BAD823}.Debug|Any CPU.Build.0 = Debug|Any CPU
		{3D13FA23-1B13-4FA8-8654-D5E7C1BAD823}.Debug|x64.ActiveCfg = Debug|Any CPU
		{3D13FA23-1B13-4FA8-8654-D5E7C1BAD823}.Debug|x64.Build.0 = Debug|Any CPU
		{3D13FA23-1B13-4FA8-8654-D5E7C1BAD823}.Debug|x86.ActiveCfg = Debug|x86
		{3D13FA23-1B13-4FA8-8654-D5E7C1BAD823}.Debug|x86.Build.0 = Debug|x86
		{3D13FA23-1B13-4FA8-8654-D5E7C1BAD823}.Release|Any CPU.ActiveCfg = Release|Any CPU
		{3D13FA23-1B13-4FA8-8654-D5E7C1BAD823}.Release|Any CPU.Build.0 = Release|Any CPU
		{3D13FA23-1B13-4FA8-8654-D5E7C1BAD823}.Release|x64.ActiveCfg = Release|Any CPU
		{3D13FA23-1B13-4FA8-8654-D5E7C1BAD823}.Release|x64.Build.0 = Release|Any CPU
		{3D13FA23-1B13-4FA8-8654-D5E7C1BAD823}.Release|x86.ActiveCfg = Release|x86
		{3D13FA23-1B13-4FA8-8654-D5E7C1BAD823}.Release|x86.Build.0 = Release|x86
		{2AE83F37-E52A-4ADC-82E9-243465953FFD}.Debug|Any CPU.ActiveCfg = Debug|Any CPU
		{2AE83F37-E52A-4ADC-82E9-243465953FFD}.Debug|Any CPU.Build.0 = Debug|Any CPU
		{2AE83F37-E52A-4ADC-82E9-243465953FFD}.Debug|x64.ActiveCfg = Debug|Any CPU
		{2AE83F37-E52A-4ADC-82E9-243465953FFD}.Debug|x64.Build.0 = Debug|Any CPU
		{2AE83F37-E52A-4ADC-82E9-243465953FFD}.Debug|x86.ActiveCfg = Debug|x86
		{2AE83F37-E52A-4ADC-82E9-243465953FFD}.Debug|x86.Build.0 = Debug|x86
		{2AE83F37-E52A-4ADC-82E9-243465953FFD}.Release|Any CPU.ActiveCfg = Release|Any CPU
		{2AE83F37-E52A-4ADC-82E9-243465953FFD}.Release|Any CPU.Build.0 = Release|Any CPU
		{2AE83F37-E52A-4ADC-82E9-243465953FFD}.Release|x64.ActiveCfg = Release|Any CPU
		{2AE83F37-E52A-4ADC-82E9-243465953FFD}.Release|x64.Build.0 = Release|Any CPU
		{2AE83F37-E52A-4ADC-82E9-243465953FFD}.Release|x86.ActiveCfg = Release|x86
		{2AE83F37-E52A-4ADC-82E9-243465953FFD}.Release|x86.Build.0 = Release|x86
		{4A0695E9-8C32-4F70-B7C7-B7F2EF7E38B6}.Debug|Any CPU.ActiveCfg = Debug|Any CPU
		{4A0695E9-8C32-4F70-B7C7-B7F2EF7E38B6}.Debug|Any CPU.Build.0 = Debug|Any CPU
		{4A0695E9-8C32-4F70-B7C7-B7F2EF7E38B6}.Debug|x64.ActiveCfg = Debug|Any CPU
		{4A0695E9-8C32-4F70-B7C7-B7F2EF7E38B6}.Debug|x64.Build.0 = Debug|Any CPU
		{4A0695E9-8C32-4F70-B7C7-B7F2EF7E38B6}.Debug|x86.ActiveCfg = Debug|x86
		{4A0695E9-8C32-4F70-B7C7-B7F2EF7E38B6}.Debug|x86.Build.0 = Debug|x86
		{4A0695E9-8C32-4F70-B7C7-B7F2EF7E38B6}.Release|Any CPU.ActiveCfg = Release|Any CPU
		{4A0695E9-8C32-4F70-B7C7-B7F2EF7E38B6}.Release|Any CPU.Build.0 = Release|Any CPU
		{4A0695E9-8C32-4F70-B7C7-B7F2EF7E38B6}.Release|x64.ActiveCfg = Release|Any CPU
		{4A0695E9-8C32-4F70-B7C7-B7F2EF7E38B6}.Release|x64.Build.0 = Release|Any CPU
		{4A0695E9-8C32-4F70-B7C7-B7F2EF7E38B6}.Release|x86.ActiveCfg = Release|x86
		{4A0695E9-8C32-4F70-B7C7-B7F2EF7E38B6}.Release|x86.Build.0 = Release|x86
		{9C10B224-7ABC-46D1-9ADC-58A817D6AF59}.Debug|Any CPU.ActiveCfg = Debug|Any CPU
		{9C10B224-7ABC-46D1-9ADC-58A817D6AF59}.Debug|Any CPU.Build.0 = Debug|Any CPU
		{9C10B224-7ABC-46D1-9ADC-58A817D6AF59}.Debug|x64.ActiveCfg = Debug|Any CPU
		{9C10B224-7ABC-46D1-9ADC-58A817D6AF59}.Debug|x64.Build.0 = Debug|Any CPU
		{9C10B224-7ABC-46D1-9ADC-58A817D6AF59}.Debug|x86.ActiveCfg = Debug|x86
		{9C10B224-7ABC-46D1-9ADC-58A817D6AF59}.Debug|x86.Build.0 = Debug|x86
		{9C10B224-7ABC-46D1-9ADC-58A817D6AF59}.Release|Any CPU.ActiveCfg = Release|Any CPU
		{9C10B224-7ABC-46D1-9ADC-58A817D6AF59}.Release|Any CPU.Build.0 = Release|Any CPU
		{9C10B224-7ABC-46D1-9ADC-58A817D6AF59}.Release|x64.ActiveCfg = Release|Any CPU
		{9C10B224-7ABC-46D1-9ADC-58A817D6AF59}.Release|x64.Build.0 = Release|Any CPU
		{9C10B224-7ABC-46D1-9ADC-58A817D6AF59}.Release|x86.ActiveCfg = Release|x86
		{9C10B224-7ABC-46D1-9ADC-58A817D6AF59}.Release|x86.Build.0 = Release|x86
		{833C3B98-5A2D-476B-8B4B-C9548C1C99B6}.Debug|Any CPU.ActiveCfg = Debug|Any CPU
		{833C3B98-5A2D-476B-8B4B-C9548C1C99B6}.Debug|Any CPU.Build.0 = Debug|Any CPU
		{833C3B98-5A2D-476B-8B4B-C9548C1C99B6}.Debug|x64.ActiveCfg = Debug|Any CPU
		{833C3B98-5A2D-476B-8B4B-C9548C1C99B6}.Debug|x64.Build.0 = Debug|Any CPU
		{833C3B98-5A2D-476B-8B4B-C9548C1C99B6}.Debug|x86.ActiveCfg = Debug|x86
		{833C3B98-5A2D-476B-8B4B-C9548C1C99B6}.Debug|x86.Build.0 = Debug|x86
		{833C3B98-5A2D-476B-8B4B-C9548C1C99B6}.Release|Any CPU.ActiveCfg = Release|Any CPU
		{833C3B98-5A2D-476B-8B4B-C9548C1C99B6}.Release|Any CPU.Build.0 = Release|Any CPU
		{833C3B98-5A2D-476B-8B4B-C9548C1C99B6}.Release|x64.ActiveCfg = Release|Any CPU
		{833C3B98-5A2D-476B-8B4B-C9548C1C99B6}.Release|x64.Build.0 = Release|Any CPU
		{833C3B98-5A2D-476B-8B4B-C9548C1C99B6}.Release|x86.ActiveCfg = Release|x86
		{833C3B98-5A2D-476B-8B4B-C9548C1C99B6}.Release|x86.Build.0 = Release|x86
		{0E0A4A2C-1BAE-4659-9511-5C089FA4E154}.Debug|Any CPU.ActiveCfg = Debug|Any CPU
		{0E0A4A2C-1BAE-4659-9511-5C089FA4E154}.Debug|Any CPU.Build.0 = Debug|Any CPU
		{0E0A4A2C-1BAE-4659-9511-5C089FA4E154}.Debug|x64.ActiveCfg = Debug|Any CPU
		{0E0A4A2C-1BAE-4659-9511-5C089FA4E154}.Debug|x64.Build.0 = Debug|Any CPU
		{0E0A4A2C-1BAE-4659-9511-5C089FA4E154}.Debug|x86.ActiveCfg = Debug|x86
		{0E0A4A2C-1BAE-4659-9511-5C089FA4E154}.Debug|x86.Build.0 = Debug|x86
		{0E0A4A2C-1BAE-4659-9511-5C089FA4E154}.Release|Any CPU.ActiveCfg = Release|Any CPU
		{0E0A4A2C-1BAE-4659-9511-5C089FA4E154}.Release|Any CPU.Build.0 = Release|Any CPU
		{0E0A4A2C-1BAE-4659-9511-5C089FA4E154}.Release|x64.ActiveCfg = Release|Any CPU
		{0E0A4A2C-1BAE-4659-9511-5C089FA4E154}.Release|x64.Build.0 = Release|Any CPU
		{0E0A4A2C-1BAE-4659-9511-5C089FA4E154}.Release|x86.ActiveCfg = Release|x86
		{0E0A4A2C-1BAE-4659-9511-5C089FA4E154}.Release|x86.Build.0 = Release|x86
		{7BEDA101-8294-40CF-838C-40523DBBCDA7}.Debug|Any CPU.ActiveCfg = Debug|Any CPU
		{7BEDA101-8294-40CF-838C-40523DBBCDA7}.Debug|Any CPU.Build.0 = Debug|Any CPU
		{7BEDA101-8294-40CF-838C-40523DBBCDA7}.Debug|x64.ActiveCfg = Debug|Any CPU
		{7BEDA101-8294-40CF-838C-40523DBBCDA7}.Debug|x64.Build.0 = Debug|Any CPU
		{7BEDA101-8294-40CF-838C-40523DBBCDA7}.Debug|x86.ActiveCfg = Debug|x86
		{7BEDA101-8294-40CF-838C-40523DBBCDA7}.Debug|x86.Build.0 = Debug|x86
		{7BEDA101-8294-40CF-838C-40523DBBCDA7}.Release|Any CPU.ActiveCfg = Release|Any CPU
		{7BEDA101-8294-40CF-838C-40523DBBCDA7}.Release|Any CPU.Build.0 = Release|Any CPU
		{7BEDA101-8294-40CF-838C-40523DBBCDA7}.Release|x64.ActiveCfg = Release|Any CPU
		{7BEDA101-8294-40CF-838C-40523DBBCDA7}.Release|x64.Build.0 = Release|Any CPU
		{7BEDA101-8294-40CF-838C-40523DBBCDA7}.Release|x86.ActiveCfg = Release|x86
		{7BEDA101-8294-40CF-838C-40523DBBCDA7}.Release|x86.Build.0 = Release|x86
		{62E5BE50-2A34-43D0-9ABA-EE3F751C1627}.Debug|Any CPU.ActiveCfg = Debug|Any CPU
		{62E5BE50-2A34-43D0-9ABA-EE3F751C1627}.Debug|Any CPU.Build.0 = Debug|Any CPU
		{62E5BE50-2A34-43D0-9ABA-EE3F751C1627}.Debug|x64.ActiveCfg = Debug|Any CPU
		{62E5BE50-2A34-43D0-9ABA-EE3F751C1627}.Debug|x64.Build.0 = Debug|Any CPU
		{62E5BE50-2A34-43D0-9ABA-EE3F751C1627}.Debug|x86.ActiveCfg = Debug|x86
		{62E5BE50-2A34-43D0-9ABA-EE3F751C1627}.Debug|x86.Build.0 = Debug|x86
		{62E5BE50-2A34-43D0-9ABA-EE3F751C1627}.Release|Any CPU.ActiveCfg = Release|Any CPU
		{62E5BE50-2A34-43D0-9ABA-EE3F751C1627}.Release|Any CPU.Build.0 = Release|Any CPU
		{62E5BE50-2A34-43D0-9ABA-EE3F751C1627}.Release|x64.ActiveCfg = Release|Any CPU
		{62E5BE50-2A34-43D0-9ABA-EE3F751C1627}.Release|x64.Build.0 = Release|Any CPU
		{62E5BE50-2A34-43D0-9ABA-EE3F751C1627}.Release|x86.ActiveCfg = Release|x86
		{62E5BE50-2A34-43D0-9ABA-EE3F751C1627}.Release|x86.Build.0 = Release|x86
		{DA114369-0A54-42A9-A3B0-F48FC5EA4F7D}.Debug|Any CPU.ActiveCfg = Debug|Any CPU
		{DA114369-0A54-42A9-A3B0-F48FC5EA4F7D}.Debug|Any CPU.Build.0 = Debug|Any CPU
		{DA114369-0A54-42A9-A3B0-F48FC5EA4F7D}.Debug|x64.ActiveCfg = Debug|Any CPU
		{DA114369-0A54-42A9-A3B0-F48FC5EA4F7D}.Debug|x64.Build.0 = Debug|Any CPU
		{DA114369-0A54-42A9-A3B0-F48FC5EA4F7D}.Debug|x86.ActiveCfg = Debug|x86
		{DA114369-0A54-42A9-A3B0-F48FC5EA4F7D}.Debug|x86.Build.0 = Debug|x86
		{DA114369-0A54-42A9-A3B0-F48FC5EA4F7D}.Release|Any CPU.ActiveCfg = Release|Any CPU
		{DA114369-0A54-42A9-A3B0-F48FC5EA4F7D}.Release|Any CPU.Build.0 = Release|Any CPU
		{DA114369-0A54-42A9-A3B0-F48FC5EA4F7D}.Release|x64.ActiveCfg = Release|Any CPU
		{DA114369-0A54-42A9-A3B0-F48FC5EA4F7D}.Release|x64.Build.0 = Release|Any CPU
		{DA114369-0A54-42A9-A3B0-F48FC5EA4F7D}.Release|x86.ActiveCfg = Release|x86
		{DA114369-0A54-42A9-A3B0-F48FC5EA4F7D}.Release|x86.Build.0 = Release|x86
		{4B6B73DA-1606-42F2-8774-72428062783A}.Debug|Any CPU.ActiveCfg = Debug|Any CPU
		{4B6B73DA-1606-42F2-8774-72428062783A}.Debug|Any CPU.Build.0 = Debug|Any CPU
		{4B6B73DA-1606-42F2-8774-72428062783A}.Debug|x64.ActiveCfg = Debug|Any CPU
		{4B6B73DA-1606-42F2-8774-72428062783A}.Debug|x64.Build.0 = Debug|Any CPU
		{4B6B73DA-1606-42F2-8774-72428062783A}.Debug|x86.ActiveCfg = Debug|x86
		{4B6B73DA-1606-42F2-8774-72428062783A}.Debug|x86.Build.0 = Debug|x86
		{4B6B73DA-1606-42F2-8774-72428062783A}.Release|Any CPU.ActiveCfg = Release|Any CPU
		{4B6B73DA-1606-42F2-8774-72428062783A}.Release|Any CPU.Build.0 = Release|Any CPU
		{4B6B73DA-1606-42F2-8774-72428062783A}.Release|x64.ActiveCfg = Release|Any CPU
		{4B6B73DA-1606-42F2-8774-72428062783A}.Release|x64.Build.0 = Release|Any CPU
		{4B6B73DA-1606-42F2-8774-72428062783A}.Release|x86.ActiveCfg = Release|x86
		{4B6B73DA-1606-42F2-8774-72428062783A}.Release|x86.Build.0 = Release|x86
		{05362C54-8D40-46C8-9401-7C40A6647DE6}.Debug|Any CPU.ActiveCfg = Debug|Any CPU
		{05362C54-8D40-46C8-9401-7C40A6647DE6}.Debug|Any CPU.Build.0 = Debug|Any CPU
		{05362C54-8D40-46C8-9401-7C40A6647DE6}.Debug|x64.ActiveCfg = Debug|Any CPU
		{05362C54-8D40-46C8-9401-7C40A6647DE6}.Debug|x64.Build.0 = Debug|Any CPU
		{05362C54-8D40-46C8-9401-7C40A6647DE6}.Debug|x86.ActiveCfg = Debug|x86
		{05362C54-8D40-46C8-9401-7C40A6647DE6}.Debug|x86.Build.0 = Debug|x86
		{05362C54-8D40-46C8-9401-7C40A6647DE6}.Release|Any CPU.ActiveCfg = Release|Any CPU
		{05362C54-8D40-46C8-9401-7C40A6647DE6}.Release|Any CPU.Build.0 = Release|Any CPU
		{05362C54-8D40-46C8-9401-7C40A6647DE6}.Release|x64.ActiveCfg = Release|Any CPU
		{05362C54-8D40-46C8-9401-7C40A6647DE6}.Release|x64.Build.0 = Release|Any CPU
		{05362C54-8D40-46C8-9401-7C40A6647DE6}.Release|x86.ActiveCfg = Release|x86
		{05362C54-8D40-46C8-9401-7C40A6647DE6}.Release|x86.Build.0 = Release|x86
		{55A67A5D-43E8-4290-B52F-230233B1439D}.Debug|Any CPU.ActiveCfg = Debug|Any CPU
		{55A67A5D-43E8-4290-B52F-230233B1439D}.Debug|Any CPU.Build.0 = Debug|Any CPU
		{55A67A5D-43E8-4290-B52F-230233B1439D}.Debug|x64.ActiveCfg = Debug|Any CPU
		{55A67A5D-43E8-4290-B52F-230233B1439D}.Debug|x64.Build.0 = Debug|Any CPU
		{55A67A5D-43E8-4290-B52F-230233B1439D}.Debug|x86.ActiveCfg = Debug|x86
		{55A67A5D-43E8-4290-B52F-230233B1439D}.Debug|x86.Build.0 = Debug|x86
		{55A67A5D-43E8-4290-B52F-230233B1439D}.Release|Any CPU.ActiveCfg = Release|Any CPU
		{55A67A5D-43E8-4290-B52F-230233B1439D}.Release|Any CPU.Build.0 = Release|Any CPU
		{55A67A5D-43E8-4290-B52F-230233B1439D}.Release|x64.ActiveCfg = Release|Any CPU
		{55A67A5D-43E8-4290-B52F-230233B1439D}.Release|x64.Build.0 = Release|Any CPU
		{55A67A5D-43E8-4290-B52F-230233B1439D}.Release|x86.ActiveCfg = Release|x86
		{55A67A5D-43E8-4290-B52F-230233B1439D}.Release|x86.Build.0 = Release|x86
		{BA6E610A-3015-4536-99CD-D73892E9BD1E}.Debug|Any CPU.ActiveCfg = Debug|Any CPU
		{BA6E610A-3015-4536-99CD-D73892E9BD1E}.Debug|Any CPU.Build.0 = Debug|Any CPU
		{BA6E610A-3015-4536-99CD-D73892E9BD1E}.Debug|x64.ActiveCfg = Debug|Any CPU
		{BA6E610A-3015-4536-99CD-D73892E9BD1E}.Debug|x64.Build.0 = Debug|Any CPU
		{BA6E610A-3015-4536-99CD-D73892E9BD1E}.Debug|x86.ActiveCfg = Debug|Any CPU
		{BA6E610A-3015-4536-99CD-D73892E9BD1E}.Debug|x86.Build.0 = Debug|Any CPU
		{BA6E610A-3015-4536-99CD-D73892E9BD1E}.Release|Any CPU.ActiveCfg = Release|Any CPU
		{BA6E610A-3015-4536-99CD-D73892E9BD1E}.Release|Any CPU.Build.0 = Release|Any CPU
		{BA6E610A-3015-4536-99CD-D73892E9BD1E}.Release|x64.ActiveCfg = Release|Any CPU
		{BA6E610A-3015-4536-99CD-D73892E9BD1E}.Release|x64.Build.0 = Release|Any CPU
		{BA6E610A-3015-4536-99CD-D73892E9BD1E}.Release|x86.ActiveCfg = Release|x86
		{BA6E610A-3015-4536-99CD-D73892E9BD1E}.Release|x86.Build.0 = Release|x86
		{44911ACC-87B8-4FED-865C-1950F703C3D1}.Debug|Any CPU.ActiveCfg = Debug|Any CPU
		{44911ACC-87B8-4FED-865C-1950F703C3D1}.Debug|Any CPU.Build.0 = Debug|Any CPU
		{44911ACC-87B8-4FED-865C-1950F703C3D1}.Debug|x64.ActiveCfg = Debug|Any CPU
		{44911ACC-87B8-4FED-865C-1950F703C3D1}.Debug|x64.Build.0 = Debug|Any CPU
		{44911ACC-87B8-4FED-865C-1950F703C3D1}.Debug|x86.ActiveCfg = Debug|x86
		{44911ACC-87B8-4FED-865C-1950F703C3D1}.Debug|x86.Build.0 = Debug|x86
		{44911ACC-87B8-4FED-865C-1950F703C3D1}.Release|Any CPU.ActiveCfg = Release|Any CPU
		{44911ACC-87B8-4FED-865C-1950F703C3D1}.Release|Any CPU.Build.0 = Release|Any CPU
		{44911ACC-87B8-4FED-865C-1950F703C3D1}.Release|x64.ActiveCfg = Release|Any CPU
		{44911ACC-87B8-4FED-865C-1950F703C3D1}.Release|x64.Build.0 = Release|Any CPU
		{44911ACC-87B8-4FED-865C-1950F703C3D1}.Release|x86.ActiveCfg = Release|x86
		{44911ACC-87B8-4FED-865C-1950F703C3D1}.Release|x86.Build.0 = Release|x86
		{8BA84B01-58E5-4125-AA36-4A9DBD0C25C4}.Debug|Any CPU.ActiveCfg = Debug|Any CPU
		{8BA84B01-58E5-4125-AA36-4A9DBD0C25C4}.Debug|Any CPU.Build.0 = Debug|Any CPU
		{8BA84B01-58E5-4125-AA36-4A9DBD0C25C4}.Debug|x64.ActiveCfg = Debug|Any CPU
		{8BA84B01-58E5-4125-AA36-4A9DBD0C25C4}.Debug|x64.Build.0 = Debug|Any CPU
		{8BA84B01-58E5-4125-AA36-4A9DBD0C25C4}.Debug|x86.ActiveCfg = Debug|x86
		{8BA84B01-58E5-4125-AA36-4A9DBD0C25C4}.Debug|x86.Build.0 = Debug|x86
		{8BA84B01-58E5-4125-AA36-4A9DBD0C25C4}.Release|Any CPU.ActiveCfg = Release|Any CPU
		{8BA84B01-58E5-4125-AA36-4A9DBD0C25C4}.Release|Any CPU.Build.0 = Release|Any CPU
		{8BA84B01-58E5-4125-AA36-4A9DBD0C25C4}.Release|x64.ActiveCfg = Release|Any CPU
		{8BA84B01-58E5-4125-AA36-4A9DBD0C25C4}.Release|x64.Build.0 = Release|Any CPU
		{8BA84B01-58E5-4125-AA36-4A9DBD0C25C4}.Release|x86.ActiveCfg = Release|x86
		{8BA84B01-58E5-4125-AA36-4A9DBD0C25C4}.Release|x86.Build.0 = Release|x86
		{25B67DC9-167C-4D53-A51F-EC23135A30E9}.Debug|Any CPU.ActiveCfg = Debug|Any CPU
		{25B67DC9-167C-4D53-A51F-EC23135A30E9}.Debug|Any CPU.Build.0 = Debug|Any CPU
		{25B67DC9-167C-4D53-A51F-EC23135A30E9}.Debug|x64.ActiveCfg = Debug|Any CPU
		{25B67DC9-167C-4D53-A51F-EC23135A30E9}.Debug|x64.Build.0 = Debug|Any CPU
		{25B67DC9-167C-4D53-A51F-EC23135A30E9}.Debug|x86.ActiveCfg = Debug|x86
		{25B67DC9-167C-4D53-A51F-EC23135A30E9}.Debug|x86.Build.0 = Debug|x86
		{25B67DC9-167C-4D53-A51F-EC23135A30E9}.Release|Any CPU.ActiveCfg = Release|Any CPU
		{25B67DC9-167C-4D53-A51F-EC23135A30E9}.Release|Any CPU.Build.0 = Release|Any CPU
		{25B67DC9-167C-4D53-A51F-EC23135A30E9}.Release|x64.ActiveCfg = Release|Any CPU
		{25B67DC9-167C-4D53-A51F-EC23135A30E9}.Release|x64.Build.0 = Release|Any CPU
		{25B67DC9-167C-4D53-A51F-EC23135A30E9}.Release|x86.ActiveCfg = Release|x86
		{25B67DC9-167C-4D53-A51F-EC23135A30E9}.Release|x86.Build.0 = Release|x86
		{7D2040CB-CD32-4C78-944E-472C050F8163}.Debug|Any CPU.ActiveCfg = Debug|Any CPU
		{7D2040CB-CD32-4C78-944E-472C050F8163}.Debug|Any CPU.Build.0 = Debug|Any CPU
		{7D2040CB-CD32-4C78-944E-472C050F8163}.Debug|x64.ActiveCfg = Debug|Any CPU
		{7D2040CB-CD32-4C78-944E-472C050F8163}.Debug|x64.Build.0 = Debug|Any CPU
		{7D2040CB-CD32-4C78-944E-472C050F8163}.Debug|x86.ActiveCfg = Debug|x86
		{7D2040CB-CD32-4C78-944E-472C050F8163}.Debug|x86.Build.0 = Debug|x86
		{7D2040CB-CD32-4C78-944E-472C050F8163}.Release|Any CPU.ActiveCfg = Release|Any CPU
		{7D2040CB-CD32-4C78-944E-472C050F8163}.Release|Any CPU.Build.0 = Release|Any CPU
		{7D2040CB-CD32-4C78-944E-472C050F8163}.Release|x64.ActiveCfg = Release|Any CPU
		{7D2040CB-CD32-4C78-944E-472C050F8163}.Release|x64.Build.0 = Release|Any CPU
		{7D2040CB-CD32-4C78-944E-472C050F8163}.Release|x86.ActiveCfg = Release|x86
		{7D2040CB-CD32-4C78-944E-472C050F8163}.Release|x86.Build.0 = Release|x86
		{F6DE1680-4D13-4E34-9EB7-72AA122CE344}.Debug|Any CPU.ActiveCfg = Debug|Any CPU
		{F6DE1680-4D13-4E34-9EB7-72AA122CE344}.Debug|Any CPU.Build.0 = Debug|Any CPU
		{F6DE1680-4D13-4E34-9EB7-72AA122CE344}.Debug|x64.ActiveCfg = Debug|Any CPU
		{F6DE1680-4D13-4E34-9EB7-72AA122CE344}.Debug|x64.Build.0 = Debug|Any CPU
		{F6DE1680-4D13-4E34-9EB7-72AA122CE344}.Debug|x86.ActiveCfg = Debug|x86
		{F6DE1680-4D13-4E34-9EB7-72AA122CE344}.Debug|x86.Build.0 = Debug|x86
		{F6DE1680-4D13-4E34-9EB7-72AA122CE344}.Release|Any CPU.ActiveCfg = Release|Any CPU
		{F6DE1680-4D13-4E34-9EB7-72AA122CE344}.Release|Any CPU.Build.0 = Release|Any CPU
		{F6DE1680-4D13-4E34-9EB7-72AA122CE344}.Release|x64.ActiveCfg = Release|Any CPU
		{F6DE1680-4D13-4E34-9EB7-72AA122CE344}.Release|x64.Build.0 = Release|Any CPU
		{F6DE1680-4D13-4E34-9EB7-72AA122CE344}.Release|x86.ActiveCfg = Release|x86
		{F6DE1680-4D13-4E34-9EB7-72AA122CE344}.Release|x86.Build.0 = Release|x86
		{445BE3FF-638C-4B6D-98BF-C7D70E95A7BE}.Debug|Any CPU.ActiveCfg = Debug|Any CPU
		{445BE3FF-638C-4B6D-98BF-C7D70E95A7BE}.Debug|Any CPU.Build.0 = Debug|Any CPU
		{445BE3FF-638C-4B6D-98BF-C7D70E95A7BE}.Debug|x64.ActiveCfg = Debug|Any CPU
		{445BE3FF-638C-4B6D-98BF-C7D70E95A7BE}.Debug|x64.Build.0 = Debug|Any CPU
		{445BE3FF-638C-4B6D-98BF-C7D70E95A7BE}.Debug|x86.ActiveCfg = Debug|x86
		{445BE3FF-638C-4B6D-98BF-C7D70E95A7BE}.Debug|x86.Build.0 = Debug|x86
		{445BE3FF-638C-4B6D-98BF-C7D70E95A7BE}.Release|Any CPU.ActiveCfg = Release|Any CPU
		{445BE3FF-638C-4B6D-98BF-C7D70E95A7BE}.Release|Any CPU.Build.0 = Release|Any CPU
		{445BE3FF-638C-4B6D-98BF-C7D70E95A7BE}.Release|x64.ActiveCfg = Release|Any CPU
		{445BE3FF-638C-4B6D-98BF-C7D70E95A7BE}.Release|x64.Build.0 = Release|Any CPU
		{445BE3FF-638C-4B6D-98BF-C7D70E95A7BE}.Release|x86.ActiveCfg = Release|x86
		{445BE3FF-638C-4B6D-98BF-C7D70E95A7BE}.Release|x86.Build.0 = Release|x86
		{D4A2C67F-0DE2-48A2-85FF-7513D5F8E86D}.Debug|Any CPU.ActiveCfg = Debug|Any CPU
		{D4A2C67F-0DE2-48A2-85FF-7513D5F8E86D}.Debug|Any CPU.Build.0 = Debug|Any CPU
		{D4A2C67F-0DE2-48A2-85FF-7513D5F8E86D}.Debug|x64.ActiveCfg = Debug|Any CPU
		{D4A2C67F-0DE2-48A2-85FF-7513D5F8E86D}.Debug|x64.Build.0 = Debug|Any CPU
		{D4A2C67F-0DE2-48A2-85FF-7513D5F8E86D}.Debug|x86.ActiveCfg = Debug|x86
		{D4A2C67F-0DE2-48A2-85FF-7513D5F8E86D}.Debug|x86.Build.0 = Debug|x86
		{D4A2C67F-0DE2-48A2-85FF-7513D5F8E86D}.Release|Any CPU.ActiveCfg = Release|Any CPU
		{D4A2C67F-0DE2-48A2-85FF-7513D5F8E86D}.Release|Any CPU.Build.0 = Release|Any CPU
		{D4A2C67F-0DE2-48A2-85FF-7513D5F8E86D}.Release|x64.ActiveCfg = Release|Any CPU
		{D4A2C67F-0DE2-48A2-85FF-7513D5F8E86D}.Release|x64.Build.0 = Release|Any CPU
		{D4A2C67F-0DE2-48A2-85FF-7513D5F8E86D}.Release|x86.ActiveCfg = Release|x86
		{D4A2C67F-0DE2-48A2-85FF-7513D5F8E86D}.Release|x86.Build.0 = Release|x86
		{62DA1EBC-F59D-4877-A23F-11F5FC2356DA}.Debug|Any CPU.ActiveCfg = Debug|Any CPU
		{62DA1EBC-F59D-4877-A23F-11F5FC2356DA}.Debug|Any CPU.Build.0 = Debug|Any CPU
		{62DA1EBC-F59D-4877-A23F-11F5FC2356DA}.Debug|x64.ActiveCfg = Debug|Any CPU
		{62DA1EBC-F59D-4877-A23F-11F5FC2356DA}.Debug|x64.Build.0 = Debug|Any CPU
		{62DA1EBC-F59D-4877-A23F-11F5FC2356DA}.Debug|x86.ActiveCfg = Debug|x86
		{62DA1EBC-F59D-4877-A23F-11F5FC2356DA}.Debug|x86.Build.0 = Debug|x86
		{62DA1EBC-F59D-4877-A23F-11F5FC2356DA}.Release|Any CPU.ActiveCfg = Release|Any CPU
		{62DA1EBC-F59D-4877-A23F-11F5FC2356DA}.Release|Any CPU.Build.0 = Release|Any CPU
		{62DA1EBC-F59D-4877-A23F-11F5FC2356DA}.Release|x64.ActiveCfg = Release|Any CPU
		{62DA1EBC-F59D-4877-A23F-11F5FC2356DA}.Release|x64.Build.0 = Release|Any CPU
		{62DA1EBC-F59D-4877-A23F-11F5FC2356DA}.Release|x86.ActiveCfg = Release|x86
		{62DA1EBC-F59D-4877-A23F-11F5FC2356DA}.Release|x86.Build.0 = Release|x86
		{5D769D5E-691B-4775-851E-BB35CE3ABFE3}.Debug|Any CPU.ActiveCfg = Debug|Any CPU
		{5D769D5E-691B-4775-851E-BB35CE3ABFE3}.Debug|Any CPU.Build.0 = Debug|Any CPU
		{5D769D5E-691B-4775-851E-BB35CE3ABFE3}.Debug|x64.ActiveCfg = Debug|Any CPU
		{5D769D5E-691B-4775-851E-BB35CE3ABFE3}.Debug|x64.Build.0 = Debug|Any CPU
		{5D769D5E-691B-4775-851E-BB35CE3ABFE3}.Debug|x86.ActiveCfg = Debug|x86
		{5D769D5E-691B-4775-851E-BB35CE3ABFE3}.Debug|x86.Build.0 = Debug|x86
		{5D769D5E-691B-4775-851E-BB35CE3ABFE3}.Release|Any CPU.ActiveCfg = Release|Any CPU
		{5D769D5E-691B-4775-851E-BB35CE3ABFE3}.Release|Any CPU.Build.0 = Release|Any CPU
		{5D769D5E-691B-4775-851E-BB35CE3ABFE3}.Release|x64.ActiveCfg = Release|Any CPU
		{5D769D5E-691B-4775-851E-BB35CE3ABFE3}.Release|x64.Build.0 = Release|Any CPU
		{5D769D5E-691B-4775-851E-BB35CE3ABFE3}.Release|x86.ActiveCfg = Release|x86
		{5D769D5E-691B-4775-851E-BB35CE3ABFE3}.Release|x86.Build.0 = Release|x86
		{E0936D85-CB24-4564-A773-E0BF85510422}.Debug|Any CPU.ActiveCfg = Debug|Any CPU
		{E0936D85-CB24-4564-A773-E0BF85510422}.Debug|Any CPU.Build.0 = Debug|Any CPU
		{E0936D85-CB24-4564-A773-E0BF85510422}.Debug|x64.ActiveCfg = Debug|Any CPU
		{E0936D85-CB24-4564-A773-E0BF85510422}.Debug|x64.Build.0 = Debug|Any CPU
		{E0936D85-CB24-4564-A773-E0BF85510422}.Debug|x86.ActiveCfg = Debug|x86
		{E0936D85-CB24-4564-A773-E0BF85510422}.Debug|x86.Build.0 = Debug|x86
		{E0936D85-CB24-4564-A773-E0BF85510422}.Release|Any CPU.ActiveCfg = Release|Any CPU
		{E0936D85-CB24-4564-A773-E0BF85510422}.Release|Any CPU.Build.0 = Release|Any CPU
		{E0936D85-CB24-4564-A773-E0BF85510422}.Release|x64.ActiveCfg = Release|Any CPU
		{E0936D85-CB24-4564-A773-E0BF85510422}.Release|x64.Build.0 = Release|Any CPU
		{E0936D85-CB24-4564-A773-E0BF85510422}.Release|x86.ActiveCfg = Release|x86
		{E0936D85-CB24-4564-A773-E0BF85510422}.Release|x86.Build.0 = Release|x86
		{05748132-A906-4E3E-B8AB-2758C0564981}.Debug|Any CPU.ActiveCfg = Debug|Any CPU
		{05748132-A906-4E3E-B8AB-2758C0564981}.Debug|Any CPU.Build.0 = Debug|Any CPU
		{05748132-A906-4E3E-B8AB-2758C0564981}.Debug|x64.ActiveCfg = Debug|Any CPU
		{05748132-A906-4E3E-B8AB-2758C0564981}.Debug|x64.Build.0 = Debug|Any CPU
		{05748132-A906-4E3E-B8AB-2758C0564981}.Debug|x86.ActiveCfg = Debug|x86
		{05748132-A906-4E3E-B8AB-2758C0564981}.Debug|x86.Build.0 = Debug|x86
		{05748132-A906-4E3E-B8AB-2758C0564981}.Release|Any CPU.ActiveCfg = Release|Any CPU
		{05748132-A906-4E3E-B8AB-2758C0564981}.Release|Any CPU.Build.0 = Release|Any CPU
		{05748132-A906-4E3E-B8AB-2758C0564981}.Release|x64.ActiveCfg = Release|Any CPU
		{05748132-A906-4E3E-B8AB-2758C0564981}.Release|x64.Build.0 = Release|Any CPU
		{05748132-A906-4E3E-B8AB-2758C0564981}.Release|x86.ActiveCfg = Release|x86
		{05748132-A906-4E3E-B8AB-2758C0564981}.Release|x86.Build.0 = Release|x86
		{81327194-E4CB-4A8C-A0E4-87EB3BB5FCC7}.Debug|Any CPU.ActiveCfg = Debug|Any CPU
		{81327194-E4CB-4A8C-A0E4-87EB3BB5FCC7}.Debug|Any CPU.Build.0 = Debug|Any CPU
		{81327194-E4CB-4A8C-A0E4-87EB3BB5FCC7}.Debug|x64.ActiveCfg = Debug|Any CPU
		{81327194-E4CB-4A8C-A0E4-87EB3BB5FCC7}.Debug|x64.Build.0 = Debug|Any CPU
		{81327194-E4CB-4A8C-A0E4-87EB3BB5FCC7}.Debug|x86.ActiveCfg = Debug|x86
		{81327194-E4CB-4A8C-A0E4-87EB3BB5FCC7}.Debug|x86.Build.0 = Debug|x86
		{81327194-E4CB-4A8C-A0E4-87EB3BB5FCC7}.Release|Any CPU.ActiveCfg = Release|Any CPU
		{81327194-E4CB-4A8C-A0E4-87EB3BB5FCC7}.Release|Any CPU.Build.0 = Release|Any CPU
		{81327194-E4CB-4A8C-A0E4-87EB3BB5FCC7}.Release|x64.ActiveCfg = Release|Any CPU
		{81327194-E4CB-4A8C-A0E4-87EB3BB5FCC7}.Release|x64.Build.0 = Release|Any CPU
		{81327194-E4CB-4A8C-A0E4-87EB3BB5FCC7}.Release|x86.ActiveCfg = Release|x86
		{81327194-E4CB-4A8C-A0E4-87EB3BB5FCC7}.Release|x86.Build.0 = Release|x86
		{2C2B1881-0A90-47DD-8B85-8BF947D8B0C3}.Debug|Any CPU.ActiveCfg = Debug|Any CPU
		{2C2B1881-0A90-47DD-8B85-8BF947D8B0C3}.Debug|Any CPU.Build.0 = Debug|Any CPU
		{2C2B1881-0A90-47DD-8B85-8BF947D8B0C3}.Debug|x64.ActiveCfg = Debug|Any CPU
		{2C2B1881-0A90-47DD-8B85-8BF947D8B0C3}.Debug|x64.Build.0 = Debug|Any CPU
		{2C2B1881-0A90-47DD-8B85-8BF947D8B0C3}.Debug|x86.ActiveCfg = Debug|x86
		{2C2B1881-0A90-47DD-8B85-8BF947D8B0C3}.Debug|x86.Build.0 = Debug|x86
		{2C2B1881-0A90-47DD-8B85-8BF947D8B0C3}.Release|Any CPU.ActiveCfg = Release|Any CPU
		{2C2B1881-0A90-47DD-8B85-8BF947D8B0C3}.Release|Any CPU.Build.0 = Release|Any CPU
		{2C2B1881-0A90-47DD-8B85-8BF947D8B0C3}.Release|x64.ActiveCfg = Release|Any CPU
		{2C2B1881-0A90-47DD-8B85-8BF947D8B0C3}.Release|x64.Build.0 = Release|Any CPU
		{2C2B1881-0A90-47DD-8B85-8BF947D8B0C3}.Release|x86.ActiveCfg = Release|x86
		{2C2B1881-0A90-47DD-8B85-8BF947D8B0C3}.Release|x86.Build.0 = Release|x86
		{39F0B8F6-69DE-4C0F-A03B-D2067418CB4A}.Debug|Any CPU.ActiveCfg = Debug|Any CPU
		{39F0B8F6-69DE-4C0F-A03B-D2067418CB4A}.Debug|Any CPU.Build.0 = Debug|Any CPU
		{39F0B8F6-69DE-4C0F-A03B-D2067418CB4A}.Debug|x64.ActiveCfg = Debug|Any CPU
		{39F0B8F6-69DE-4C0F-A03B-D2067418CB4A}.Debug|x64.Build.0 = Debug|Any CPU
		{39F0B8F6-69DE-4C0F-A03B-D2067418CB4A}.Debug|x86.ActiveCfg = Debug|x86
		{39F0B8F6-69DE-4C0F-A03B-D2067418CB4A}.Debug|x86.Build.0 = Debug|x86
		{39F0B8F6-69DE-4C0F-A03B-D2067418CB4A}.Release|Any CPU.ActiveCfg = Release|Any CPU
		{39F0B8F6-69DE-4C0F-A03B-D2067418CB4A}.Release|Any CPU.Build.0 = Release|Any CPU
		{39F0B8F6-69DE-4C0F-A03B-D2067418CB4A}.Release|x64.ActiveCfg = Release|Any CPU
		{39F0B8F6-69DE-4C0F-A03B-D2067418CB4A}.Release|x64.Build.0 = Release|Any CPU
		{39F0B8F6-69DE-4C0F-A03B-D2067418CB4A}.Release|x86.ActiveCfg = Release|x86
		{39F0B8F6-69DE-4C0F-A03B-D2067418CB4A}.Release|x86.Build.0 = Release|x86
		{9638EE76-2646-4527-8554-B3DF275E893C}.Debug|Any CPU.ActiveCfg = Debug|Any CPU
		{9638EE76-2646-4527-8554-B3DF275E893C}.Debug|Any CPU.Build.0 = Debug|Any CPU
		{9638EE76-2646-4527-8554-B3DF275E893C}.Debug|x64.ActiveCfg = Debug|Any CPU
		{9638EE76-2646-4527-8554-B3DF275E893C}.Debug|x64.Build.0 = Debug|Any CPU
		{9638EE76-2646-4527-8554-B3DF275E893C}.Debug|x86.ActiveCfg = Debug|x86
		{9638EE76-2646-4527-8554-B3DF275E893C}.Debug|x86.Build.0 = Debug|x86
		{9638EE76-2646-4527-8554-B3DF275E893C}.Release|Any CPU.ActiveCfg = Release|Any CPU
		{9638EE76-2646-4527-8554-B3DF275E893C}.Release|Any CPU.Build.0 = Release|Any CPU
		{9638EE76-2646-4527-8554-B3DF275E893C}.Release|x64.ActiveCfg = Release|Any CPU
		{9638EE76-2646-4527-8554-B3DF275E893C}.Release|x64.Build.0 = Release|Any CPU
		{9638EE76-2646-4527-8554-B3DF275E893C}.Release|x86.ActiveCfg = Release|x86
		{9638EE76-2646-4527-8554-B3DF275E893C}.Release|x86.Build.0 = Release|x86
		{85099415-3448-4D91-979C-44690154FCD1}.Debug|Any CPU.ActiveCfg = Debug|Any CPU
		{85099415-3448-4D91-979C-44690154FCD1}.Debug|Any CPU.Build.0 = Debug|Any CPU
		{85099415-3448-4D91-979C-44690154FCD1}.Debug|x64.ActiveCfg = Debug|Any CPU
		{85099415-3448-4D91-979C-44690154FCD1}.Debug|x64.Build.0 = Debug|Any CPU
		{85099415-3448-4D91-979C-44690154FCD1}.Debug|x86.ActiveCfg = Debug|x86
		{85099415-3448-4D91-979C-44690154FCD1}.Debug|x86.Build.0 = Debug|x86
		{85099415-3448-4D91-979C-44690154FCD1}.Release|Any CPU.ActiveCfg = Release|Any CPU
		{85099415-3448-4D91-979C-44690154FCD1}.Release|Any CPU.Build.0 = Release|Any CPU
		{85099415-3448-4D91-979C-44690154FCD1}.Release|x64.ActiveCfg = Release|Any CPU
		{85099415-3448-4D91-979C-44690154FCD1}.Release|x64.Build.0 = Release|Any CPU
		{85099415-3448-4D91-979C-44690154FCD1}.Release|x86.ActiveCfg = Release|x86
		{85099415-3448-4D91-979C-44690154FCD1}.Release|x86.Build.0 = Release|x86
		{849DC662-9191-473F-BC61-8D9AD9068FFA}.Debug|Any CPU.ActiveCfg = Debug|Any CPU
		{849DC662-9191-473F-BC61-8D9AD9068FFA}.Debug|Any CPU.Build.0 = Debug|Any CPU
		{849DC662-9191-473F-BC61-8D9AD9068FFA}.Debug|x64.ActiveCfg = Debug|Any CPU
		{849DC662-9191-473F-BC61-8D9AD9068FFA}.Debug|x64.Build.0 = Debug|Any CPU
		{849DC662-9191-473F-BC61-8D9AD9068FFA}.Debug|x86.ActiveCfg = Debug|x86
		{849DC662-9191-473F-BC61-8D9AD9068FFA}.Debug|x86.Build.0 = Debug|x86
		{849DC662-9191-473F-BC61-8D9AD9068FFA}.Release|Any CPU.ActiveCfg = Release|Any CPU
		{849DC662-9191-473F-BC61-8D9AD9068FFA}.Release|Any CPU.Build.0 = Release|Any CPU
		{849DC662-9191-473F-BC61-8D9AD9068FFA}.Release|x64.ActiveCfg = Release|Any CPU
		{849DC662-9191-473F-BC61-8D9AD9068FFA}.Release|x64.Build.0 = Release|Any CPU
		{849DC662-9191-473F-BC61-8D9AD9068FFA}.Release|x86.ActiveCfg = Release|x86
		{849DC662-9191-473F-BC61-8D9AD9068FFA}.Release|x86.Build.0 = Release|x86
		{BD9D9744-C621-42EE-8496-5F0642C913CD}.Debug|Any CPU.ActiveCfg = Debug|Any CPU
		{BD9D9744-C621-42EE-8496-5F0642C913CD}.Debug|Any CPU.Build.0 = Debug|Any CPU
		{BD9D9744-C621-42EE-8496-5F0642C913CD}.Debug|x64.ActiveCfg = Debug|Any CPU
		{BD9D9744-C621-42EE-8496-5F0642C913CD}.Debug|x64.Build.0 = Debug|Any CPU
		{BD9D9744-C621-42EE-8496-5F0642C913CD}.Debug|x86.ActiveCfg = Debug|x86
		{BD9D9744-C621-42EE-8496-5F0642C913CD}.Debug|x86.Build.0 = Debug|x86
		{BD9D9744-C621-42EE-8496-5F0642C913CD}.Release|Any CPU.ActiveCfg = Release|Any CPU
		{BD9D9744-C621-42EE-8496-5F0642C913CD}.Release|Any CPU.Build.0 = Release|Any CPU
		{BD9D9744-C621-42EE-8496-5F0642C913CD}.Release|x64.ActiveCfg = Release|Any CPU
		{BD9D9744-C621-42EE-8496-5F0642C913CD}.Release|x64.Build.0 = Release|Any CPU
		{BD9D9744-C621-42EE-8496-5F0642C913CD}.Release|x86.ActiveCfg = Release|x86
		{BD9D9744-C621-42EE-8496-5F0642C913CD}.Release|x86.Build.0 = Release|x86
		{F4145736-97ED-417A-81EA-5635769ABE35}.Debug|Any CPU.ActiveCfg = Debug|Any CPU
		{F4145736-97ED-417A-81EA-5635769ABE35}.Debug|Any CPU.Build.0 = Debug|Any CPU
		{F4145736-97ED-417A-81EA-5635769ABE35}.Debug|x64.ActiveCfg = Debug|Any CPU
		{F4145736-97ED-417A-81EA-5635769ABE35}.Debug|x64.Build.0 = Debug|Any CPU
		{F4145736-97ED-417A-81EA-5635769ABE35}.Debug|x86.ActiveCfg = Debug|x86
		{F4145736-97ED-417A-81EA-5635769ABE35}.Debug|x86.Build.0 = Debug|x86
		{F4145736-97ED-417A-81EA-5635769ABE35}.Release|Any CPU.ActiveCfg = Release|Any CPU
		{F4145736-97ED-417A-81EA-5635769ABE35}.Release|Any CPU.Build.0 = Release|Any CPU
		{F4145736-97ED-417A-81EA-5635769ABE35}.Release|x64.ActiveCfg = Release|Any CPU
		{F4145736-97ED-417A-81EA-5635769ABE35}.Release|x64.Build.0 = Release|Any CPU
		{F4145736-97ED-417A-81EA-5635769ABE35}.Release|x86.ActiveCfg = Release|x86
		{F4145736-97ED-417A-81EA-5635769ABE35}.Release|x86.Build.0 = Release|x86
		{2FE03D2C-FC55-4E27-A460-6B7F574F26E4}.Debug|Any CPU.ActiveCfg = Debug|Any CPU
		{2FE03D2C-FC55-4E27-A460-6B7F574F26E4}.Debug|Any CPU.Build.0 = Debug|Any CPU
		{2FE03D2C-FC55-4E27-A460-6B7F574F26E4}.Debug|x64.ActiveCfg = Debug|Any CPU
		{2FE03D2C-FC55-4E27-A460-6B7F574F26E4}.Debug|x64.Build.0 = Debug|Any CPU
		{2FE03D2C-FC55-4E27-A460-6B7F574F26E4}.Debug|x86.ActiveCfg = Debug|x86
		{2FE03D2C-FC55-4E27-A460-6B7F574F26E4}.Debug|x86.Build.0 = Debug|x86
		{2FE03D2C-FC55-4E27-A460-6B7F574F26E4}.Release|Any CPU.ActiveCfg = Release|Any CPU
		{2FE03D2C-FC55-4E27-A460-6B7F574F26E4}.Release|Any CPU.Build.0 = Release|Any CPU
		{2FE03D2C-FC55-4E27-A460-6B7F574F26E4}.Release|x64.ActiveCfg = Release|Any CPU
		{2FE03D2C-FC55-4E27-A460-6B7F574F26E4}.Release|x64.Build.0 = Release|Any CPU
		{2FE03D2C-FC55-4E27-A460-6B7F574F26E4}.Release|x86.ActiveCfg = Release|x86
		{2FE03D2C-FC55-4E27-A460-6B7F574F26E4}.Release|x86.Build.0 = Release|x86
		{B842CE3C-A049-46FA-A5CB-C0A4ADB903D7}.Debug|Any CPU.ActiveCfg = Debug|Any CPU
		{B842CE3C-A049-46FA-A5CB-C0A4ADB903D7}.Debug|Any CPU.Build.0 = Debug|Any CPU
		{B842CE3C-A049-46FA-A5CB-C0A4ADB903D7}.Debug|x64.ActiveCfg = Debug|Any CPU
		{B842CE3C-A049-46FA-A5CB-C0A4ADB903D7}.Debug|x64.Build.0 = Debug|Any CPU
		{B842CE3C-A049-46FA-A5CB-C0A4ADB903D7}.Debug|x86.ActiveCfg = Debug|x86
		{B842CE3C-A049-46FA-A5CB-C0A4ADB903D7}.Debug|x86.Build.0 = Debug|x86
		{B842CE3C-A049-46FA-A5CB-C0A4ADB903D7}.Release|Any CPU.ActiveCfg = Release|Any CPU
		{B842CE3C-A049-46FA-A5CB-C0A4ADB903D7}.Release|Any CPU.Build.0 = Release|Any CPU
		{B842CE3C-A049-46FA-A5CB-C0A4ADB903D7}.Release|x64.ActiveCfg = Release|Any CPU
		{B842CE3C-A049-46FA-A5CB-C0A4ADB903D7}.Release|x64.Build.0 = Release|Any CPU
		{B842CE3C-A049-46FA-A5CB-C0A4ADB903D7}.Release|x86.ActiveCfg = Release|x86
		{B842CE3C-A049-46FA-A5CB-C0A4ADB903D7}.Release|x86.Build.0 = Release|x86
		{F060D4F2-BE7C-4390-A598-63A6030A2CB8}.Debug|Any CPU.ActiveCfg = Debug|Any CPU
		{F060D4F2-BE7C-4390-A598-63A6030A2CB8}.Debug|Any CPU.Build.0 = Debug|Any CPU
		{F060D4F2-BE7C-4390-A598-63A6030A2CB8}.Debug|x64.ActiveCfg = Debug|Any CPU
		{F060D4F2-BE7C-4390-A598-63A6030A2CB8}.Debug|x64.Build.0 = Debug|Any CPU
		{F060D4F2-BE7C-4390-A598-63A6030A2CB8}.Debug|x86.ActiveCfg = Debug|x86
		{F060D4F2-BE7C-4390-A598-63A6030A2CB8}.Debug|x86.Build.0 = Debug|x86
		{F060D4F2-BE7C-4390-A598-63A6030A2CB8}.Release|Any CPU.ActiveCfg = Release|Any CPU
		{F060D4F2-BE7C-4390-A598-63A6030A2CB8}.Release|Any CPU.Build.0 = Release|Any CPU
		{F060D4F2-BE7C-4390-A598-63A6030A2CB8}.Release|x64.ActiveCfg = Release|Any CPU
		{F060D4F2-BE7C-4390-A598-63A6030A2CB8}.Release|x64.Build.0 = Release|Any CPU
		{F060D4F2-BE7C-4390-A598-63A6030A2CB8}.Release|x86.ActiveCfg = Release|x86
		{F060D4F2-BE7C-4390-A598-63A6030A2CB8}.Release|x86.Build.0 = Release|x86
		{5E418D56-585D-4134-B971-04C8A860CCD8}.Debug|Any CPU.ActiveCfg = Debug|Any CPU
		{5E418D56-585D-4134-B971-04C8A860CCD8}.Debug|Any CPU.Build.0 = Debug|Any CPU
		{5E418D56-585D-4134-B971-04C8A860CCD8}.Debug|x64.ActiveCfg = Debug|Any CPU
		{5E418D56-585D-4134-B971-04C8A860CCD8}.Debug|x64.Build.0 = Debug|Any CPU
		{5E418D56-585D-4134-B971-04C8A860CCD8}.Debug|x86.ActiveCfg = Debug|x86
		{5E418D56-585D-4134-B971-04C8A860CCD8}.Debug|x86.Build.0 = Debug|x86
		{5E418D56-585D-4134-B971-04C8A860CCD8}.Release|Any CPU.ActiveCfg = Release|Any CPU
		{5E418D56-585D-4134-B971-04C8A860CCD8}.Release|Any CPU.Build.0 = Release|Any CPU
		{5E418D56-585D-4134-B971-04C8A860CCD8}.Release|x64.ActiveCfg = Release|Any CPU
		{5E418D56-585D-4134-B971-04C8A860CCD8}.Release|x64.Build.0 = Release|Any CPU
		{5E418D56-585D-4134-B971-04C8A860CCD8}.Release|x86.ActiveCfg = Release|x86
		{5E418D56-585D-4134-B971-04C8A860CCD8}.Release|x86.Build.0 = Release|x86
		{15A7A944-6FA5-4184-A243-2205A594B509}.Debug|Any CPU.ActiveCfg = Debug|Any CPU
		{15A7A944-6FA5-4184-A243-2205A594B509}.Debug|Any CPU.Build.0 = Debug|Any CPU
		{15A7A944-6FA5-4184-A243-2205A594B509}.Debug|x64.ActiveCfg = Debug|Any CPU
		{15A7A944-6FA5-4184-A243-2205A594B509}.Debug|x64.Build.0 = Debug|Any CPU
		{15A7A944-6FA5-4184-A243-2205A594B509}.Debug|x86.ActiveCfg = Debug|x86
		{15A7A944-6FA5-4184-A243-2205A594B509}.Debug|x86.Build.0 = Debug|x86
		{15A7A944-6FA5-4184-A243-2205A594B509}.Release|Any CPU.ActiveCfg = Release|Any CPU
		{15A7A944-6FA5-4184-A243-2205A594B509}.Release|Any CPU.Build.0 = Release|Any CPU
		{15A7A944-6FA5-4184-A243-2205A594B509}.Release|x64.ActiveCfg = Release|Any CPU
		{15A7A944-6FA5-4184-A243-2205A594B509}.Release|x64.Build.0 = Release|Any CPU
		{15A7A944-6FA5-4184-A243-2205A594B509}.Release|x86.ActiveCfg = Release|x86
		{15A7A944-6FA5-4184-A243-2205A594B509}.Release|x86.Build.0 = Release|x86
		{A829D42F-2F89-4490-96EB-0698E309B9B5}.Debug|Any CPU.ActiveCfg = Debug|Any CPU
		{A829D42F-2F89-4490-96EB-0698E309B9B5}.Debug|Any CPU.Build.0 = Debug|Any CPU
		{A829D42F-2F89-4490-96EB-0698E309B9B5}.Debug|x64.ActiveCfg = Debug|Any CPU
		{A829D42F-2F89-4490-96EB-0698E309B9B5}.Debug|x64.Build.0 = Debug|Any CPU
		{A829D42F-2F89-4490-96EB-0698E309B9B5}.Debug|x86.ActiveCfg = Debug|x86
		{A829D42F-2F89-4490-96EB-0698E309B9B5}.Debug|x86.Build.0 = Debug|x86
		{A829D42F-2F89-4490-96EB-0698E309B9B5}.Release|Any CPU.ActiveCfg = Release|Any CPU
		{A829D42F-2F89-4490-96EB-0698E309B9B5}.Release|Any CPU.Build.0 = Release|Any CPU
		{A829D42F-2F89-4490-96EB-0698E309B9B5}.Release|x64.ActiveCfg = Release|Any CPU
		{A829D42F-2F89-4490-96EB-0698E309B9B5}.Release|x64.Build.0 = Release|Any CPU
		{A829D42F-2F89-4490-96EB-0698E309B9B5}.Release|x86.ActiveCfg = Release|x86
		{A829D42F-2F89-4490-96EB-0698E309B9B5}.Release|x86.Build.0 = Release|x86
		{3F07C566-8460-4C68-B26F-BDFBCC0496B8}.Debug|Any CPU.ActiveCfg = Debug|Any CPU
		{3F07C566-8460-4C68-B26F-BDFBCC0496B8}.Debug|Any CPU.Build.0 = Debug|Any CPU
		{3F07C566-8460-4C68-B26F-BDFBCC0496B8}.Debug|x64.ActiveCfg = Debug|Any CPU
		{3F07C566-8460-4C68-B26F-BDFBCC0496B8}.Debug|x64.Build.0 = Debug|Any CPU
		{3F07C566-8460-4C68-B26F-BDFBCC0496B8}.Debug|x86.ActiveCfg = Debug|x86
		{3F07C566-8460-4C68-B26F-BDFBCC0496B8}.Debug|x86.Build.0 = Debug|x86
		{3F07C566-8460-4C68-B26F-BDFBCC0496B8}.Release|Any CPU.ActiveCfg = Release|Any CPU
		{3F07C566-8460-4C68-B26F-BDFBCC0496B8}.Release|Any CPU.Build.0 = Release|Any CPU
		{3F07C566-8460-4C68-B26F-BDFBCC0496B8}.Release|x64.ActiveCfg = Release|Any CPU
		{3F07C566-8460-4C68-B26F-BDFBCC0496B8}.Release|x64.Build.0 = Release|Any CPU
		{3F07C566-8460-4C68-B26F-BDFBCC0496B8}.Release|x86.ActiveCfg = Release|x86
		{3F07C566-8460-4C68-B26F-BDFBCC0496B8}.Release|x86.Build.0 = Release|x86
		{5EE2665C-BFE2-45C0-9AB7-93FF6FCDB63A}.Debug|Any CPU.ActiveCfg = Debug|Any CPU
		{5EE2665C-BFE2-45C0-9AB7-93FF6FCDB63A}.Debug|Any CPU.Build.0 = Debug|Any CPU
		{5EE2665C-BFE2-45C0-9AB7-93FF6FCDB63A}.Debug|x64.ActiveCfg = Debug|Any CPU
		{5EE2665C-BFE2-45C0-9AB7-93FF6FCDB63A}.Debug|x64.Build.0 = Debug|Any CPU
		{5EE2665C-BFE2-45C0-9AB7-93FF6FCDB63A}.Debug|x86.ActiveCfg = Debug|x86
		{5EE2665C-BFE2-45C0-9AB7-93FF6FCDB63A}.Debug|x86.Build.0 = Debug|x86
		{5EE2665C-BFE2-45C0-9AB7-93FF6FCDB63A}.Release|Any CPU.ActiveCfg = Release|Any CPU
		{5EE2665C-BFE2-45C0-9AB7-93FF6FCDB63A}.Release|Any CPU.Build.0 = Release|Any CPU
		{5EE2665C-BFE2-45C0-9AB7-93FF6FCDB63A}.Release|x64.ActiveCfg = Release|Any CPU
		{5EE2665C-BFE2-45C0-9AB7-93FF6FCDB63A}.Release|x64.Build.0 = Release|Any CPU
		{5EE2665C-BFE2-45C0-9AB7-93FF6FCDB63A}.Release|x86.ActiveCfg = Release|x86
		{5EE2665C-BFE2-45C0-9AB7-93FF6FCDB63A}.Release|x86.Build.0 = Release|x86
		{B5A2448D-F5F4-40EC-9641-05642134C357}.Debug|Any CPU.ActiveCfg = Debug|Any CPU
		{B5A2448D-F5F4-40EC-9641-05642134C357}.Debug|Any CPU.Build.0 = Debug|Any CPU
		{B5A2448D-F5F4-40EC-9641-05642134C357}.Debug|x64.ActiveCfg = Debug|Any CPU
		{B5A2448D-F5F4-40EC-9641-05642134C357}.Debug|x64.Build.0 = Debug|Any CPU
		{B5A2448D-F5F4-40EC-9641-05642134C357}.Debug|x86.ActiveCfg = Debug|x86
		{B5A2448D-F5F4-40EC-9641-05642134C357}.Debug|x86.Build.0 = Debug|x86
		{B5A2448D-F5F4-40EC-9641-05642134C357}.Release|Any CPU.ActiveCfg = Release|Any CPU
		{B5A2448D-F5F4-40EC-9641-05642134C357}.Release|Any CPU.Build.0 = Release|Any CPU
		{B5A2448D-F5F4-40EC-9641-05642134C357}.Release|x64.ActiveCfg = Release|Any CPU
		{B5A2448D-F5F4-40EC-9641-05642134C357}.Release|x64.Build.0 = Release|Any CPU
		{B5A2448D-F5F4-40EC-9641-05642134C357}.Release|x86.ActiveCfg = Release|x86
		{B5A2448D-F5F4-40EC-9641-05642134C357}.Release|x86.Build.0 = Release|x86
		{B399124D-23A6-46F6-A082-64A25D98E735}.Debug|Any CPU.ActiveCfg = Debug|Any CPU
		{B399124D-23A6-46F6-A082-64A25D98E735}.Debug|Any CPU.Build.0 = Debug|Any CPU
		{B399124D-23A6-46F6-A082-64A25D98E735}.Debug|x64.ActiveCfg = Debug|Any CPU
		{B399124D-23A6-46F6-A082-64A25D98E735}.Debug|x64.Build.0 = Debug|Any CPU
		{B399124D-23A6-46F6-A082-64A25D98E735}.Debug|x86.ActiveCfg = Debug|x86
		{B399124D-23A6-46F6-A082-64A25D98E735}.Debug|x86.Build.0 = Debug|x86
		{B399124D-23A6-46F6-A082-64A25D98E735}.Release|Any CPU.ActiveCfg = Release|Any CPU
		{B399124D-23A6-46F6-A082-64A25D98E735}.Release|Any CPU.Build.0 = Release|Any CPU
		{B399124D-23A6-46F6-A082-64A25D98E735}.Release|x64.ActiveCfg = Release|Any CPU
		{B399124D-23A6-46F6-A082-64A25D98E735}.Release|x64.Build.0 = Release|Any CPU
		{B399124D-23A6-46F6-A082-64A25D98E735}.Release|x86.ActiveCfg = Release|x86
		{B399124D-23A6-46F6-A082-64A25D98E735}.Release|x86.Build.0 = Release|x86
	EndGlobalSection
	GlobalSection(SolutionProperties) = preSolution
		HideSolutionNode = FALSE
	EndGlobalSection
	GlobalSection(NestedProjects) = preSolution
		{2F74C2ED-C4D2-8592-FA00-EF8DD0A31FC7} = {BC0A1362-188C-CE9D-56C9-7DB4B22D5E34}
		{10125FBF-B1E3-5508-0453-8B8438ECBFC8} = {BC0A1362-188C-CE9D-56C9-7DB4B22D5E34}
		{D62B361B-9A07-9E9B-CDCD-03B1A3706AD8} = {BC0A1362-188C-CE9D-56C9-7DB4B22D5E34}
		{B481F596-DE6E-A611-CA7E-608C3046060D} = {BC0A1362-188C-CE9D-56C9-7DB4B22D5E34}
		{521B4DE7-DE7A-7B64-F649-23517AB5EB08} = {BC0A1362-188C-CE9D-56C9-7DB4B22D5E34}
		{0F0D1990-397C-399D-0664-FC5EB1CCA61E} = {E1892030-79A1-302F-2131-4E7F86D8A2D3}
		{0E0A4A2C-1BAE-4659-9511-5C089FA4E154} = {2F74C2ED-C4D2-8592-FA00-EF8DD0A31FC7}
		{7BEDA101-8294-40CF-838C-40523DBBCDA7} = {10125FBF-B1E3-5508-0453-8B8438ECBFC8}
		{62E5BE50-2A34-43D0-9ABA-EE3F751C1627} = {D62B361B-9A07-9E9B-CDCD-03B1A3706AD8}
		{DA114369-0A54-42A9-A3B0-F48FC5EA4F7D} = {B481F596-DE6E-A611-CA7E-608C3046060D}
		{4B6B73DA-1606-42F2-8774-72428062783A} = {521B4DE7-DE7A-7B64-F649-23517AB5EB08}
		{05362C54-8D40-46C8-9401-7C40A6647DE6} = {0F0D1990-397C-399D-0664-FC5EB1CCA61E}
		{55A67A5D-43E8-4290-B52F-230233B1439D} = {E1892030-79A1-302F-2131-4E7F86D8A2D3}
		{BA6E610A-3015-4536-99CD-D73892E9BD1E} = {6DDF0308-AD41-8A62-E1C1-A25BD1B34DA2}
	EndGlobalSection
	GlobalSection(ExtensibilityGlobals) = postSolution
		SolutionGuid = {1E301F8C-95AD-404E-9C57-1DA4689FD586}
	EndGlobalSection
EndGlobal
